
Microsoft Visual Studio Solution File, Format Version 12.00
# Visual Studio Version 17
VisualStudioVersion = 17.7.34024.191
MinimumVisualStudioVersion = 10.0.40219.1
Project("{8BC9CEB8-8B4A-11D0-8D11-00A0C91BC942}") = "CPP_2023", "CPP_2023.vcxproj", "{61CD98CC-AC43-4A71-B21A-E8D70A1851BD}"
EndProject
Project("{8BC9CEB8-8B4A-11D0-8D11-00A0C91BC942}") = "bmi", "bmi\bmi.vcxproj", "{402457B9-432D-4290-B13E-1CFF7A7D840A}"
EndProject
Project("{8BC9CEB8-8B4A-11D0-8D11-00A0C91BC942}") = "Chapter3", "Chapter3\Chapter3.vcxproj", "{A9B0BC56-CB3E-46CF-9EF7-E22C112F1B9F}"
EndProject
Project("{9A19103F-16F7-4668-BE54-9A1E7A4F7556}") = "CSharpSample", "CSharpSample\CSharpSample.csproj", "{D1BD2E9A-891E-4C19-BC92-DB94027C4282}"
EndProject
Project("{8BC9CEB8-8B4A-11D0-8D11-00A0C91BC942}") = "cpp_ex1", "cpp_ex1\cpp_ex1.vcxproj", "{089BF4DF-CC0E-4234-A22E-F23FC7CB85AA}"
EndProject
Global
	GlobalSection(SolutionConfigurationPlatforms) = preSolution
		Debug|Any CPU = Debug|Any CPU
		Debug|x64 = Debug|x64
		Debug|x86 = Debug|x86
		Release|Any CPU = Release|Any CPU
		Release|x64 = Release|x64
		Release|x86 = Release|x86
	EndGlobalSection
	GlobalSection(ProjectConfigurationPlatforms) = postSolution
		{61CD98CC-AC43-4A71-B21A-E8D70A1851BD}.Debug|Any CPU.ActiveCfg = Debug|x64
		{61CD98CC-AC43-4A71-B21A-E8D70A1851BD}.Debug|Any CPU.Build.0 = Debug|x64
		{61CD98CC-AC43-4A71-B21A-E8D70A1851BD}.Debug|x64.ActiveCfg = Debug|x64
		{61CD98CC-AC43-4A71-B21A-E8D70A1851BD}.Debug|x64.Build.0 = Debug|x64
		{61CD98CC-AC43-4A71-B21A-E8D70A1851BD}.Debug|x86.ActiveCfg = Debug|Win32
		{61CD98CC-AC43-4A71-B21A-E8D70A1851BD}.Debug|x86.Build.0 = Debug|Win32
		{61CD98CC-AC43-4A71-B21A-E8D70A1851BD}.Release|Any CPU.ActiveCfg = Release|x64
		{61CD98CC-AC43-4A71-B21A-E8D70A1851BD}.Release|Any CPU.Build.0 = Release|x64
		{61CD98CC-AC43-4A71-B21A-E8D70A1851BD}.Release|x64.ActiveCfg = Release|x64
		{61CD98CC-AC43-4A71-B21A-E8D70A1851BD}.Release|x64.Build.0 = Release|x64
		{61CD98CC-AC43-4A71-B21A-E8D70A1851BD}.Release|x86.ActiveCfg = Release|Win32
		{61CD98CC-AC43-4A71-B21A-E8D70A1851BD}.Release|x86.Build.0 = Release|Win32
		{402457B9-432D-4290-B13E-1CFF7A7D840A}.Debug|Any CPU.ActiveCfg = Debug|x64
		{402457B9-432D-4290-B13E-1CFF7A7D840A}.Debug|Any CPU.Build.0 = Debug|x64
		{402457B9-432D-4290-B13E-1CFF7A7D840A}.Debug|x64.ActiveCfg = Debug|x64
		{402457B9-432D-4290-B13E-1CFF7A7D840A}.Debug|x64.Build.0 = Debug|x64
		{402457B9-432D-4290-B13E-1CFF7A7D840A}.Debug|x86.ActiveCfg = Debug|Win32
		{402457B9-432D-4290-B13E-1CFF7A7D840A}.Debug|x86.Build.0 = Debug|Win32
		{402457B9-432D-4290-B13E-1CFF7A7D840A}.Release|Any CPU.ActiveCfg = Release|x64
		{402457B9-432D-4290-B13E-1CFF7A7D840A}.Release|Any CPU.Build.0 = Release|x64
		{402457B9-432D-4290-B13E-1CFF7A7D840A}.Release|x64.ActiveCfg = Release|x64
		{402457B9-432D-4290-B13E-1CFF7A7D840A}.Release|x64.Build.0 = Release|x64
		{402457B9-432D-4290-B13E-1CFF7A7D840A}.Release|x86.ActiveCfg = Release|Win32
		{402457B9-432D-4290-B13E-1CFF7A7D840A}.Release|x86.Build.0 = Release|Win32
		{A9B0BC56-CB3E-46CF-9EF7-E22C112F1B9F}.Debug|Any CPU.ActiveCfg = Debug|x64
		{A9B0BC56-CB3E-46CF-9EF7-E22C112F1B9F}.Debug|Any CPU.Build.0 = Debug|x64
		{A9B0BC56-CB3E-46CF-9EF7-E22C112F1B9F}.Debug|x64.ActiveCfg = Debug|x64
		{A9B0BC56-CB3E-46CF-9EF7-E22C112F1B9F}.Debug|x64.Build.0 = Debug|x64
		{A9B0BC56-CB3E-46CF-9EF7-E22C112F1B9F}.Debug|x86.ActiveCfg = Debug|Win32
		{A9B0BC56-CB3E-46CF-9EF7-E22C112F1B9F}.Debug|x86.Build.0 = Debug|Win32
		{A9B0BC56-CB3E-46CF-9EF7-E22C112F1B9F}.Release|Any CPU.ActiveCfg = Release|x64
		{A9B0BC56-CB3E-46CF-9EF7-E22C112F1B9F}.Release|Any CPU.Build.0 = Release|x64
		{A9B0BC56-CB3E-46CF-9EF7-E22C112F1B9F}.Release|x64.ActiveCfg = Release|x64
		{A9B0BC56-CB3E-46CF-9EF7-E22C112F1B9F}.Release|x64.Build.0 = Release|x64
		{A9B0BC56-CB3E-46CF-9EF7-E22C112F1B9F}.Release|x86.ActiveCfg = Release|Win32
		{A9B0BC56-CB3E-46CF-9EF7-E22C112F1B9F}.Release|x86.Build.0 = Release|Win32
		{D1BD2E9A-891E-4C19-BC92-DB94027C4282}.Debug|Any CPU.ActiveCfg = Debug|Any CPU
		{D1BD2E9A-891E-4C19-BC92-DB94027C4282}.Debug|Any CPU.Build.0 = Debug|Any CPU
		{D1BD2E9A-891E-4C19-BC92-DB94027C4282}.Debug|x64.ActiveCfg = Debug|Any CPU
		{D1BD2E9A-891E-4C19-BC92-DB94027C4282}.Debug|x64.Build.0 = Debug|Any CPU
		{D1BD2E9A-891E-4C19-BC92-DB94027C4282}.Debug|x86.ActiveCfg = Debug|Any CPU
		{D1BD2E9A-891E-4C19-BC92-DB94027C4282}.Debug|x86.Build.0 = Debug|Any CPU
		{D1BD2E9A-891E-4C19-BC92-DB94027C4282}.Release|Any CPU.ActiveCfg = Release|Any CPU
		{D1BD2E9A-891E-4C19-BC92-DB94027C4282}.Release|Any CPU.Build.0 = Release|Any CPU
		{D1BD2E9A-891E-4C19-BC92-DB94027C4282}.Release|x64.ActiveCfg = Release|Any CPU
		{D1BD2E9A-891E-4C19-BC92-DB94027C4282}.Release|x64.Build.0 = Release|Any CPU
		{D1BD2E9A-891E-4C19-BC92-DB94027C4282}.Release|x86.ActiveCfg = Release|Any CPU
		{D1BD2E9A-891E-4C19-BC92-DB94027C4282}.Release|x86.Build.0 = Release|Any CPU
		{089BF4DF-CC0E-4234-A22E-F23FC7CB85AA}.Debug|Any CPU.ActiveCfg = Debug|x64
		{089BF4DF-CC0E-4234-A22E-F23FC7CB85AA}.Debug|Any CPU.Build.0 = Debug|x64
		{089BF4DF-CC0E-4234-A22E-F23FC7CB85AA}.Debug|x64.ActiveCfg = Debug|x64
		{089BF4DF-CC0E-4234-A22E-F23FC7CB85AA}.Debug|x64.Build.0 = Debug|x64
		{089BF4DF-CC0E-4234-A22E-F23FC7CB85AA}.Debug|x86.ActiveCfg = Debug|Win32
		{089BF4DF-CC0E-4234-A22E-F23FC7CB85AA}.Debug|x86.Build.0 = Debug|Win32
		{089BF4DF-CC0E-4234-A22E-F23FC7CB85AA}.Release|Any CPU.ActiveCfg = Release|x64
		{089BF4DF-CC0E-4234-A22E-F23FC7CB85AA}.Release|Any CPU.Build.0 = Release|x64
		{089BF4DF-CC0E-4234-A22E-F23FC7CB85AA}.Release|x64.ActiveCfg = Release|x64
		{089BF4DF-CC0E-4234-A22E-F23FC7CB85AA}.Release|x64.Build.0 = Release|x64
		{089BF4DF-CC0E-4234-A22E-F23FC7CB85AA}.Release|x86.ActiveCfg = Release|Win32
		{089BF4DF-CC0E-4234-A22E-F23FC7CB85AA}.Release|x86.Build.0 = Release|Win32
	EndGlobalSection
	GlobalSection(SolutionProperties) = preSolution
		HideSolutionNode = FALSE
	EndGlobalSection
	GlobalSection(ExtensibilityGlobals) = postSolution
		SolutionGuid = {B476FBDA-9BF5-44A8-A607-BFF9D2CE4DF0}
	EndGlobalSection
EndGlobal
