
Microsoft Visual Studio Solution File, Format Version 12.00
# Visual Studio Version 17
VisualStudioVersion = 17.7.34024.191
MinimumVisualStudioVersion = 10.0.40219.1
Project("{8BC9CEB8-8B4A-11D0-8D11-00A0C91BC942}") = "CPP_2023", "CPP_2023.vcxproj", "{61CD98CC-AC43-4A71-B21A-E8D70A1851BD}"
EndProject
Project("{8BC9CEB8-8B4A-11D0-8D11-00A0C91BC942}") = "bmi", "bmi\bmi.vcxproj", "{402457B9-432D-4290-B13E-1CFF7A7D840A}"
EndProject
Project("{8BC9CEB8-8B4A-11D0-8D11-00A0C91BC942}") = "Chapter3", "Chapter3\Chapter3.vcxproj", "{A9B0BC56-CB3E-46CF-9EF7-E22C112F1B9F}"
EndProject
Project("{9A19103F-16F7-4668-BE54-9A1E7A4F7556}") = "CSharpSample", "CSharpSample\CSharpSample.csproj", "{D1BD2E9A-891E-4C19-BC92-DB94027C4282}"
EndProject
Project("{8BC9CEB8-8B4A-11D0-8D11-00A0C91BC942}") = "cpp_ex1", "cpp_ex1\cpp_ex1.vcxproj", "{089BF4DF-CC0E-4234-A22E-F23FC7CB85AA}"
EndProject
Project("{8BC9CEB8-8B4A-11D0-8D11-00A0C91BC942}") = "cpp_ex2", "cpp_ex2\cpp_ex2.vcxproj", "{78086781-B787-4958-A654-6586B6D8FCC2}"
EndProject
Project("{8BC9CEB8-8B4A-11D0-8D11-00A0C91BC942}") = "Function", "Function\Function.vcxproj", "{F32DB8E3-C617-4A48-BD23-EAD95A67A3CD}"
EndProject
Project("{8BC9CEB8-8B4A-11D0-8D11-00A0C91BC942}") = "CPP_EX3", "CPP_EX3\CPP_EX3.vcxproj", "{7AAC2566-771A-4713-80CD-A6EE770022E5}"
EndProject
Project("{8BC9CEB8-8B4A-11D0-8D11-00A0C91BC942}") = "06_map", "06_map\06_map.vcxproj", "{AB0F5B36-AFF5-4C0A-95F3-19849DAE0F36}"
EndProject
Project("{8BC9CEB8-8B4A-11D0-8D11-00A0C91BC942}") = "unorderd_map", "unorderd_map\unorderd_map.vcxproj", "{14C0B3E0-52B2-483E-9DA4-A673DB0E0884}"
EndProject
Project("{8BC9CEB8-8B4A-11D0-8D11-00A0C91BC942}") = "06_vector", "06_vector\06_vector.vcxproj", "{2E80CB3C-BE59-4475-B156-0133748C24D5}"
EndProject
Project("{8BC9CEB8-8B4A-11D0-8D11-00A0C91BC942}") = "Dimention", "Dimention\Dimention.vcxproj", "{C0D6139A-7410-4AC8-8D8A-769E2BEFFAB6}"
EndProject
Project("{8BC9CEB8-8B4A-11D0-8D11-00A0C91BC942}") = "06-array4", "06-array4\06-array4.vcxproj", "{61003701-75D7-4B66-A2EF-AEA82C797DEA}"
EndProject
Project("{8BC9CEB8-8B4A-11D0-8D11-00A0C91BC942}") = "06_array5", "06_array5\06_array5.vcxproj", "{5CED3D98-4B58-4575-967A-0B5A3C2629B3}"
EndProject
Project("{8BC9CEB8-8B4A-11D0-8D11-00A0C91BC942}") = "String", "String\String.vcxproj", "{972D63E8-FA34-42DD-A6D0-C83959F9F0D2}"
EndProject
Project("{9A19103F-16F7-4668-BE54-9A1E7A4F7556}") = "String_CSharp", "String_CSharp\String_CSharp.csproj", "{25C107AD-DB9B-4910-B843-6A1325B0D70C}"
EndProject
Project("{8BC9CEB8-8B4A-11D0-8D11-00A0C91BC942}") = "InputOutput", "InputOutput\InputOutput.vcxproj", "{F0D02ACB-30F2-4F49-A03D-02E5E22F2A86}"
EndProject
Project("{8BC9CEB8-8B4A-11D0-8D11-00A0C91BC942}") = "StandardLibrary", "StandardLibrary\StandardLibrary.vcxproj", "{D4FCA935-A509-4378-94A5-6B51DF87392A}"
EndProject
Project("{8BC9CEB8-8B4A-11D0-8D11-00A0C91BC942}") = "09-fobjects", "09-fobjects\09-fobjects.vcxproj", "{60A16DA2-01FE-4756-B87F-66C2F4A11F9F}"
EndProject
Project("{8BC9CEB8-8B4A-11D0-8D11-00A0C91BC942}") = "09-chrono", "09-chrono\09-chrono.vcxproj", "{018F1C6C-D369-480D-A908-C3201FB0EB33}"
EndProject
Project("{8BC9CEB8-8B4A-11D0-8D11-00A0C91BC942}") = "09-minmax", "09-minmax\09-minmax.vcxproj", "{6B3B07BC-9965-4D73-BDB2-6337C5C2105C}"
EndProject
Project("{8BC9CEB8-8B4A-11D0-8D11-00A0C91BC942}") = "Class", "..\Class\Class.vcxproj", "{EC7A9F37-0DCE-41C2-B754-0AD79D38561D}"
EndProject
Project("{8BC9CEB8-8B4A-11D0-8D11-00A0C91BC942}") = "Class_filed", "Class_filed\Class_filed.vcxproj", "{3BB8C642-1080-4938-900D-59C94CA89097}"
EndProject
Project("{8BC9CEB8-8B4A-11D0-8D11-00A0C91BC942}") = "CPP_ex7", "CPP_ex5\CPP_ex5.vcxproj", "{E82FF3B0-ACFA-4B45-8A86-32E7076415F1}"
EndProject
Project("{8BC9CEB8-8B4A-11D0-8D11-00A0C91BC942}") = "CPP_Ex8", "CPP_Ex8\CPP_Ex8.vcxproj", "{08337ED1-F77E-4E3C-9829-D92661957B83}"
EndProject
Global
	GlobalSection(SolutionConfigurationPlatforms) = preSolution
		Debug|Any CPU = Debug|Any CPU
		Debug|x64 = Debug|x64
		Debug|x86 = Debug|x86
		Release|Any CPU = Release|Any CPU
		Release|x64 = Release|x64
		Release|x86 = Release|x86
	EndGlobalSection
	GlobalSection(ProjectConfigurationPlatforms) = postSolution
		{61CD98CC-AC43-4A71-B21A-E8D70A1851BD}.Debug|Any CPU.ActiveCfg = Debug|x64
		{61CD98CC-AC43-4A71-B21A-E8D70A1851BD}.Debug|Any CPU.Build.0 = Debug|x64
		{61CD98CC-AC43-4A71-B21A-E8D70A1851BD}.Debug|x64.ActiveCfg = Debug|x64
		{61CD98CC-AC43-4A71-B21A-E8D70A1851BD}.Debug|x64.Build.0 = Debug|x64
		{61CD98CC-AC43-4A71-B21A-E8D70A1851BD}.Debug|x86.ActiveCfg = Debug|Win32
		{61CD98CC-AC43-4A71-B21A-E8D70A1851BD}.Debug|x86.Build.0 = Debug|Win32
		{61CD98CC-AC43-4A71-B21A-E8D70A1851BD}.Release|Any CPU.ActiveCfg = Release|x64
		{61CD98CC-AC43-4A71-B21A-E8D70A1851BD}.Release|Any CPU.Build.0 = Release|x64
		{61CD98CC-AC43-4A71-B21A-E8D70A1851BD}.Release|x64.ActiveCfg = Release|x64
		{61CD98CC-AC43-4A71-B21A-E8D70A1851BD}.Release|x64.Build.0 = Release|x64
		{61CD98CC-AC43-4A71-B21A-E8D70A1851BD}.Release|x86.ActiveCfg = Release|Win32
		{61CD98CC-AC43-4A71-B21A-E8D70A1851BD}.Release|x86.Build.0 = Release|Win32
		{402457B9-432D-4290-B13E-1CFF7A7D840A}.Debug|Any CPU.ActiveCfg = Debug|x64
		{402457B9-432D-4290-B13E-1CFF7A7D840A}.Debug|Any CPU.Build.0 = Debug|x64
		{402457B9-432D-4290-B13E-1CFF7A7D840A}.Debug|x64.ActiveCfg = Debug|x64
		{402457B9-432D-4290-B13E-1CFF7A7D840A}.Debug|x64.Build.0 = Debug|x64
		{402457B9-432D-4290-B13E-1CFF7A7D840A}.Debug|x86.ActiveCfg = Debug|Win32
		{402457B9-432D-4290-B13E-1CFF7A7D840A}.Debug|x86.Build.0 = Debug|Win32
		{402457B9-432D-4290-B13E-1CFF7A7D840A}.Release|Any CPU.ActiveCfg = Release|x64
		{402457B9-432D-4290-B13E-1CFF7A7D840A}.Release|Any CPU.Build.0 = Release|x64
		{402457B9-432D-4290-B13E-1CFF7A7D840A}.Release|x64.ActiveCfg = Release|x64
		{402457B9-432D-4290-B13E-1CFF7A7D840A}.Release|x64.Build.0 = Release|x64
		{402457B9-432D-4290-B13E-1CFF7A7D840A}.Release|x86.ActiveCfg = Release|Win32
		{402457B9-432D-4290-B13E-1CFF7A7D840A}.Release|x86.Build.0 = Release|Win32
		{A9B0BC56-CB3E-46CF-9EF7-E22C112F1B9F}.Debug|Any CPU.ActiveCfg = Debug|x64
		{A9B0BC56-CB3E-46CF-9EF7-E22C112F1B9F}.Debug|Any CPU.Build.0 = Debug|x64
		{A9B0BC56-CB3E-46CF-9EF7-E22C112F1B9F}.Debug|x64.ActiveCfg = Debug|x64
		{A9B0BC56-CB3E-46CF-9EF7-E22C112F1B9F}.Debug|x64.Build.0 = Debug|x64
		{A9B0BC56-CB3E-46CF-9EF7-E22C112F1B9F}.Debug|x86.ActiveCfg = Debug|Win32
		{A9B0BC56-CB3E-46CF-9EF7-E22C112F1B9F}.Debug|x86.Build.0 = Debug|Win32
		{A9B0BC56-CB3E-46CF-9EF7-E22C112F1B9F}.Release|Any CPU.ActiveCfg = Release|x64
		{A9B0BC56-CB3E-46CF-9EF7-E22C112F1B9F}.Release|Any CPU.Build.0 = Release|x64
		{A9B0BC56-CB3E-46CF-9EF7-E22C112F1B9F}.Release|x64.ActiveCfg = Release|x64
		{A9B0BC56-CB3E-46CF-9EF7-E22C112F1B9F}.Release|x64.Build.0 = Release|x64
		{A9B0BC56-CB3E-46CF-9EF7-E22C112F1B9F}.Release|x86.ActiveCfg = Release|Win32
		{A9B0BC56-CB3E-46CF-9EF7-E22C112F1B9F}.Release|x86.Build.0 = Release|Win32
		{D1BD2E9A-891E-4C19-BC92-DB94027C4282}.Debug|Any CPU.ActiveCfg = Debug|Any CPU
		{D1BD2E9A-891E-4C19-BC92-DB94027C4282}.Debug|Any CPU.Build.0 = Debug|Any CPU
		{D1BD2E9A-891E-4C19-BC92-DB94027C4282}.Debug|x64.ActiveCfg = Debug|Any CPU
		{D1BD2E9A-891E-4C19-BC92-DB94027C4282}.Debug|x64.Build.0 = Debug|Any CPU
		{D1BD2E9A-891E-4C19-BC92-DB94027C4282}.Debug|x86.ActiveCfg = Debug|Any CPU
		{D1BD2E9A-891E-4C19-BC92-DB94027C4282}.Debug|x86.Build.0 = Debug|Any CPU
		{D1BD2E9A-891E-4C19-BC92-DB94027C4282}.Release|Any CPU.ActiveCfg = Release|Any CPU
		{D1BD2E9A-891E-4C19-BC92-DB94027C4282}.Release|Any CPU.Build.0 = Release|Any CPU
		{D1BD2E9A-891E-4C19-BC92-DB94027C4282}.Release|x64.ActiveCfg = Release|Any CPU
		{D1BD2E9A-891E-4C19-BC92-DB94027C4282}.Release|x64.Build.0 = Release|Any CPU
		{D1BD2E9A-891E-4C19-BC92-DB94027C4282}.Release|x86.ActiveCfg = Release|Any CPU
		{D1BD2E9A-891E-4C19-BC92-DB94027C4282}.Release|x86.Build.0 = Release|Any CPU
		{089BF4DF-CC0E-4234-A22E-F23FC7CB85AA}.Debug|Any CPU.ActiveCfg = Debug|x64
		{089BF4DF-CC0E-4234-A22E-F23FC7CB85AA}.Debug|Any CPU.Build.0 = Debug|x64
		{089BF4DF-CC0E-4234-A22E-F23FC7CB85AA}.Debug|x64.ActiveCfg = Debug|x64
		{089BF4DF-CC0E-4234-A22E-F23FC7CB85AA}.Debug|x64.Build.0 = Debug|x64
		{089BF4DF-CC0E-4234-A22E-F23FC7CB85AA}.Debug|x86.ActiveCfg = Debug|Win32
		{089BF4DF-CC0E-4234-A22E-F23FC7CB85AA}.Debug|x86.Build.0 = Debug|Win32
		{089BF4DF-CC0E-4234-A22E-F23FC7CB85AA}.Release|Any CPU.ActiveCfg = Release|x64
		{089BF4DF-CC0E-4234-A22E-F23FC7CB85AA}.Release|Any CPU.Build.0 = Release|x64
		{089BF4DF-CC0E-4234-A22E-F23FC7CB85AA}.Release|x64.ActiveCfg = Release|x64
		{089BF4DF-CC0E-4234-A22E-F23FC7CB85AA}.Release|x64.Build.0 = Release|x64
		{089BF4DF-CC0E-4234-A22E-F23FC7CB85AA}.Release|x86.ActiveCfg = Release|Win32
		{089BF4DF-CC0E-4234-A22E-F23FC7CB85AA}.Release|x86.Build.0 = Release|Win32
		{78086781-B787-4958-A654-6586B6D8FCC2}.Debug|Any CPU.ActiveCfg = Debug|x64
		{78086781-B787-4958-A654-6586B6D8FCC2}.Debug|Any CPU.Build.0 = Debug|x64
		{78086781-B787-4958-A654-6586B6D8FCC2}.Debug|x64.ActiveCfg = Debug|x64
		{78086781-B787-4958-A654-6586B6D8FCC2}.Debug|x64.Build.0 = Debug|x64
		{78086781-B787-4958-A654-6586B6D8FCC2}.Debug|x86.ActiveCfg = Debug|Win32
		{78086781-B787-4958-A654-6586B6D8FCC2}.Debug|x86.Build.0 = Debug|Win32
		{78086781-B787-4958-A654-6586B6D8FCC2}.Release|Any CPU.ActiveCfg = Release|x64
		{78086781-B787-4958-A654-6586B6D8FCC2}.Release|Any CPU.Build.0 = Release|x64
		{78086781-B787-4958-A654-6586B6D8FCC2}.Release|x64.ActiveCfg = Release|x64
		{78086781-B787-4958-A654-6586B6D8FCC2}.Release|x64.Build.0 = Release|x64
		{78086781-B787-4958-A654-6586B6D8FCC2}.Release|x86.ActiveCfg = Release|Win32
		{78086781-B787-4958-A654-6586B6D8FCC2}.Release|x86.Build.0 = Release|Win32
		{F32DB8E3-C617-4A48-BD23-EAD95A67A3CD}.Debug|Any CPU.ActiveCfg = Debug|x64
		{F32DB8E3-C617-4A48-BD23-EAD95A67A3CD}.Debug|Any CPU.Build.0 = Debug|x64
		{F32DB8E3-C617-4A48-BD23-EAD95A67A3CD}.Debug|x64.ActiveCfg = Debug|x64
		{F32DB8E3-C617-4A48-BD23-EAD95A67A3CD}.Debug|x64.Build.0 = Debug|x64
		{F32DB8E3-C617-4A48-BD23-EAD95A67A3CD}.Debug|x86.ActiveCfg = Debug|Win32
		{F32DB8E3-C617-4A48-BD23-EAD95A67A3CD}.Debug|x86.Build.0 = Debug|Win32
		{F32DB8E3-C617-4A48-BD23-EAD95A67A3CD}.Release|Any CPU.ActiveCfg = Release|x64
		{F32DB8E3-C617-4A48-BD23-EAD95A67A3CD}.Release|Any CPU.Build.0 = Release|x64
		{F32DB8E3-C617-4A48-BD23-EAD95A67A3CD}.Release|x64.ActiveCfg = Release|x64
		{F32DB8E3-C617-4A48-BD23-EAD95A67A3CD}.Release|x64.Build.0 = Release|x64
		{F32DB8E3-C617-4A48-BD23-EAD95A67A3CD}.Release|x86.ActiveCfg = Release|Win32
		{F32DB8E3-C617-4A48-BD23-EAD95A67A3CD}.Release|x86.Build.0 = Release|Win32
		{7AAC2566-771A-4713-80CD-A6EE770022E5}.Debug|Any CPU.ActiveCfg = Debug|x64
		{7AAC2566-771A-4713-80CD-A6EE770022E5}.Debug|Any CPU.Build.0 = Debug|x64
		{7AAC2566-771A-4713-80CD-A6EE770022E5}.Debug|x64.ActiveCfg = Debug|x64
		{7AAC2566-771A-4713-80CD-A6EE770022E5}.Debug|x64.Build.0 = Debug|x64
		{7AAC2566-771A-4713-80CD-A6EE770022E5}.Debug|x86.ActiveCfg = Debug|Win32
		{7AAC2566-771A-4713-80CD-A6EE770022E5}.Debug|x86.Build.0 = Debug|Win32
		{7AAC2566-771A-4713-80CD-A6EE770022E5}.Release|Any CPU.ActiveCfg = Release|x64
		{7AAC2566-771A-4713-80CD-A6EE770022E5}.Release|Any CPU.Build.0 = Release|x64
		{7AAC2566-771A-4713-80CD-A6EE770022E5}.Release|x64.ActiveCfg = Release|x64
		{7AAC2566-771A-4713-80CD-A6EE770022E5}.Release|x64.Build.0 = Release|x64
		{7AAC2566-771A-4713-80CD-A6EE770022E5}.Release|x86.ActiveCfg = Release|Win32
		{7AAC2566-771A-4713-80CD-A6EE770022E5}.Release|x86.Build.0 = Release|Win32
		{AB0F5B36-AFF5-4C0A-95F3-19849DAE0F36}.Debug|Any CPU.ActiveCfg = Debug|x64
		{AB0F5B36-AFF5-4C0A-95F3-19849DAE0F36}.Debug|Any CPU.Build.0 = Debug|x64
		{AB0F5B36-AFF5-4C0A-95F3-19849DAE0F36}.Debug|x64.ActiveCfg = Debug|x64
		{AB0F5B36-AFF5-4C0A-95F3-19849DAE0F36}.Debug|x64.Build.0 = Debug|x64
		{AB0F5B36-AFF5-4C0A-95F3-19849DAE0F36}.Debug|x86.ActiveCfg = Debug|Win32
		{AB0F5B36-AFF5-4C0A-95F3-19849DAE0F36}.Debug|x86.Build.0 = Debug|Win32
		{AB0F5B36-AFF5-4C0A-95F3-19849DAE0F36}.Release|Any CPU.ActiveCfg = Release|x64
		{AB0F5B36-AFF5-4C0A-95F3-19849DAE0F36}.Release|Any CPU.Build.0 = Release|x64
		{AB0F5B36-AFF5-4C0A-95F3-19849DAE0F36}.Release|x64.ActiveCfg = Release|x64
		{AB0F5B36-AFF5-4C0A-95F3-19849DAE0F36}.Release|x64.Build.0 = Release|x64
		{AB0F5B36-AFF5-4C0A-95F3-19849DAE0F36}.Release|x86.ActiveCfg = Release|Win32
		{AB0F5B36-AFF5-4C0A-95F3-19849DAE0F36}.Release|x86.Build.0 = Release|Win32
		{14C0B3E0-52B2-483E-9DA4-A673DB0E0884}.Debug|Any CPU.ActiveCfg = Debug|x64
		{14C0B3E0-52B2-483E-9DA4-A673DB0E0884}.Debug|Any CPU.Build.0 = Debug|x64
		{14C0B3E0-52B2-483E-9DA4-A673DB0E0884}.Debug|x64.ActiveCfg = Debug|x64
		{14C0B3E0-52B2-483E-9DA4-A673DB0E0884}.Debug|x64.Build.0 = Debug|x64
		{14C0B3E0-52B2-483E-9DA4-A673DB0E0884}.Debug|x86.ActiveCfg = Debug|Win32
		{14C0B3E0-52B2-483E-9DA4-A673DB0E0884}.Debug|x86.Build.0 = Debug|Win32
		{14C0B3E0-52B2-483E-9DA4-A673DB0E0884}.Release|Any CPU.ActiveCfg = Release|x64
		{14C0B3E0-52B2-483E-9DA4-A673DB0E0884}.Release|Any CPU.Build.0 = Release|x64
		{14C0B3E0-52B2-483E-9DA4-A673DB0E0884}.Release|x64.ActiveCfg = Release|x64
		{14C0B3E0-52B2-483E-9DA4-A673DB0E0884}.Release|x64.Build.0 = Release|x64
		{14C0B3E0-52B2-483E-9DA4-A673DB0E0884}.Release|x86.ActiveCfg = Release|Win32
		{14C0B3E0-52B2-483E-9DA4-A673DB0E0884}.Release|x86.Build.0 = Release|Win32
		{2E80CB3C-BE59-4475-B156-0133748C24D5}.Debug|Any CPU.ActiveCfg = Debug|x64
		{2E80CB3C-BE59-4475-B156-0133748C24D5}.Debug|Any CPU.Build.0 = Debug|x64
		{2E80CB3C-BE59-4475-B156-0133748C24D5}.Debug|x64.ActiveCfg = Debug|x64
		{2E80CB3C-BE59-4475-B156-0133748C24D5}.Debug|x64.Build.0 = Debug|x64
		{2E80CB3C-BE59-4475-B156-0133748C24D5}.Debug|x86.ActiveCfg = Debug|Win32
		{2E80CB3C-BE59-4475-B156-0133748C24D5}.Debug|x86.Build.0 = Debug|Win32
		{2E80CB3C-BE59-4475-B156-0133748C24D5}.Release|Any CPU.ActiveCfg = Release|x64
		{2E80CB3C-BE59-4475-B156-0133748C24D5}.Release|Any CPU.Build.0 = Release|x64
		{2E80CB3C-BE59-4475-B156-0133748C24D5}.Release|x64.ActiveCfg = Release|x64
		{2E80CB3C-BE59-4475-B156-0133748C24D5}.Release|x64.Build.0 = Release|x64
		{2E80CB3C-BE59-4475-B156-0133748C24D5}.Release|x86.ActiveCfg = Release|Win32
		{2E80CB3C-BE59-4475-B156-0133748C24D5}.Release|x86.Build.0 = Release|Win32
		{C0D6139A-7410-4AC8-8D8A-769E2BEFFAB6}.Debug|Any CPU.ActiveCfg = Debug|x64
		{C0D6139A-7410-4AC8-8D8A-769E2BEFFAB6}.Debug|Any CPU.Build.0 = Debug|x64
		{C0D6139A-7410-4AC8-8D8A-769E2BEFFAB6}.Debug|x64.ActiveCfg = Debug|x64
		{C0D6139A-7410-4AC8-8D8A-769E2BEFFAB6}.Debug|x64.Build.0 = Debug|x64
		{C0D6139A-7410-4AC8-8D8A-769E2BEFFAB6}.Debug|x86.ActiveCfg = Debug|Win32
		{C0D6139A-7410-4AC8-8D8A-769E2BEFFAB6}.Debug|x86.Build.0 = Debug|Win32
		{C0D6139A-7410-4AC8-8D8A-769E2BEFFAB6}.Release|Any CPU.ActiveCfg = Release|x64
		{C0D6139A-7410-4AC8-8D8A-769E2BEFFAB6}.Release|Any CPU.Build.0 = Release|x64
		{C0D6139A-7410-4AC8-8D8A-769E2BEFFAB6}.Release|x64.ActiveCfg = Release|x64
		{C0D6139A-7410-4AC8-8D8A-769E2BEFFAB6}.Release|x64.Build.0 = Release|x64
		{C0D6139A-7410-4AC8-8D8A-769E2BEFFAB6}.Release|x86.ActiveCfg = Release|Win32
		{C0D6139A-7410-4AC8-8D8A-769E2BEFFAB6}.Release|x86.Build.0 = Release|Win32
		{61003701-75D7-4B66-A2EF-AEA82C797DEA}.Debug|Any CPU.ActiveCfg = Debug|x64
		{61003701-75D7-4B66-A2EF-AEA82C797DEA}.Debug|Any CPU.Build.0 = Debug|x64
		{61003701-75D7-4B66-A2EF-AEA82C797DEA}.Debug|x64.ActiveCfg = Debug|x64
		{61003701-75D7-4B66-A2EF-AEA82C797DEA}.Debug|x64.Build.0 = Debug|x64
		{61003701-75D7-4B66-A2EF-AEA82C797DEA}.Debug|x86.ActiveCfg = Debug|Win32
		{61003701-75D7-4B66-A2EF-AEA82C797DEA}.Debug|x86.Build.0 = Debug|Win32
		{61003701-75D7-4B66-A2EF-AEA82C797DEA}.Release|Any CPU.ActiveCfg = Release|x64
		{61003701-75D7-4B66-A2EF-AEA82C797DEA}.Release|Any CPU.Build.0 = Release|x64
		{61003701-75D7-4B66-A2EF-AEA82C797DEA}.Release|x64.ActiveCfg = Release|x64
		{61003701-75D7-4B66-A2EF-AEA82C797DEA}.Release|x64.Build.0 = Release|x64
		{61003701-75D7-4B66-A2EF-AEA82C797DEA}.Release|x86.ActiveCfg = Release|Win32
		{61003701-75D7-4B66-A2EF-AEA82C797DEA}.Release|x86.Build.0 = Release|Win32
		{5CED3D98-4B58-4575-967A-0B5A3C2629B3}.Debug|Any CPU.ActiveCfg = Debug|x64
		{5CED3D98-4B58-4575-967A-0B5A3C2629B3}.Debug|Any CPU.Build.0 = Debug|x64
		{5CED3D98-4B58-4575-967A-0B5A3C2629B3}.Debug|x64.ActiveCfg = Debug|x64
		{5CED3D98-4B58-4575-967A-0B5A3C2629B3}.Debug|x64.Build.0 = Debug|x64
		{5CED3D98-4B58-4575-967A-0B5A3C2629B3}.Debug|x86.ActiveCfg = Debug|Win32
		{5CED3D98-4B58-4575-967A-0B5A3C2629B3}.Debug|x86.Build.0 = Debug|Win32
		{5CED3D98-4B58-4575-967A-0B5A3C2629B3}.Release|Any CPU.ActiveCfg = Release|x64
		{5CED3D98-4B58-4575-967A-0B5A3C2629B3}.Release|Any CPU.Build.0 = Release|x64
		{5CED3D98-4B58-4575-967A-0B5A3C2629B3}.Release|x64.ActiveCfg = Release|x64
		{5CED3D98-4B58-4575-967A-0B5A3C2629B3}.Release|x64.Build.0 = Release|x64
		{5CED3D98-4B58-4575-967A-0B5A3C2629B3}.Release|x86.ActiveCfg = Release|Win32
		{5CED3D98-4B58-4575-967A-0B5A3C2629B3}.Release|x86.Build.0 = Release|Win32
		{972D63E8-FA34-42DD-A6D0-C83959F9F0D2}.Debug|Any CPU.ActiveCfg = Debug|x64
		{972D63E8-FA34-42DD-A6D0-C83959F9F0D2}.Debug|Any CPU.Build.0 = Debug|x64
		{972D63E8-FA34-42DD-A6D0-C83959F9F0D2}.Debug|x64.ActiveCfg = Debug|x64
		{972D63E8-FA34-42DD-A6D0-C83959F9F0D2}.Debug|x64.Build.0 = Debug|x64
		{972D63E8-FA34-42DD-A6D0-C83959F9F0D2}.Debug|x86.ActiveCfg = Debug|Win32
		{972D63E8-FA34-42DD-A6D0-C83959F9F0D2}.Debug|x86.Build.0 = Debug|Win32
		{972D63E8-FA34-42DD-A6D0-C83959F9F0D2}.Release|Any CPU.ActiveCfg = Release|x64
		{972D63E8-FA34-42DD-A6D0-C83959F9F0D2}.Release|Any CPU.Build.0 = Release|x64
		{972D63E8-FA34-42DD-A6D0-C83959F9F0D2}.Release|x64.ActiveCfg = Release|x64
		{972D63E8-FA34-42DD-A6D0-C83959F9F0D2}.Release|x64.Build.0 = Release|x64
		{972D63E8-FA34-42DD-A6D0-C83959F9F0D2}.Release|x86.ActiveCfg = Release|Win32
		{972D63E8-FA34-42DD-A6D0-C83959F9F0D2}.Release|x86.Build.0 = Release|Win32
		{25C107AD-DB9B-4910-B843-6A1325B0D70C}.Debug|Any CPU.ActiveCfg = Debug|Any CPU
		{25C107AD-DB9B-4910-B843-6A1325B0D70C}.Debug|Any CPU.Build.0 = Debug|Any CPU
		{25C107AD-DB9B-4910-B843-6A1325B0D70C}.Debug|x64.ActiveCfg = Debug|Any CPU
		{25C107AD-DB9B-4910-B843-6A1325B0D70C}.Debug|x64.Build.0 = Debug|Any CPU
		{25C107AD-DB9B-4910-B843-6A1325B0D70C}.Debug|x86.ActiveCfg = Debug|Any CPU
		{25C107AD-DB9B-4910-B843-6A1325B0D70C}.Debug|x86.Build.0 = Debug|Any CPU
		{25C107AD-DB9B-4910-B843-6A1325B0D70C}.Release|Any CPU.ActiveCfg = Release|Any CPU
		{25C107AD-DB9B-4910-B843-6A1325B0D70C}.Release|Any CPU.Build.0 = Release|Any CPU
		{25C107AD-DB9B-4910-B843-6A1325B0D70C}.Release|x64.ActiveCfg = Release|Any CPU
		{25C107AD-DB9B-4910-B843-6A1325B0D70C}.Release|x64.Build.0 = Release|Any CPU
		{25C107AD-DB9B-4910-B843-6A1325B0D70C}.Release|x86.ActiveCfg = Release|Any CPU
		{25C107AD-DB9B-4910-B843-6A1325B0D70C}.Release|x86.Build.0 = Release|Any CPU
		{F0D02ACB-30F2-4F49-A03D-02E5E22F2A86}.Debug|Any CPU.ActiveCfg = Debug|x64
		{F0D02ACB-30F2-4F49-A03D-02E5E22F2A86}.Debug|Any CPU.Build.0 = Debug|x64
		{F0D02ACB-30F2-4F49-A03D-02E5E22F2A86}.Debug|x64.ActiveCfg = Debug|x64
		{F0D02ACB-30F2-4F49-A03D-02E5E22F2A86}.Debug|x64.Build.0 = Debug|x64
		{F0D02ACB-30F2-4F49-A03D-02E5E22F2A86}.Debug|x86.ActiveCfg = Debug|Win32
		{F0D02ACB-30F2-4F49-A03D-02E5E22F2A86}.Debug|x86.Build.0 = Debug|Win32
		{F0D02ACB-30F2-4F49-A03D-02E5E22F2A86}.Release|Any CPU.ActiveCfg = Release|x64
		{F0D02ACB-30F2-4F49-A03D-02E5E22F2A86}.Release|Any CPU.Build.0 = Release|x64
		{F0D02ACB-30F2-4F49-A03D-02E5E22F2A86}.Release|x64.ActiveCfg = Release|x64
		{F0D02ACB-30F2-4F49-A03D-02E5E22F2A86}.Release|x64.Build.0 = Release|x64
		{F0D02ACB-30F2-4F49-A03D-02E5E22F2A86}.Release|x86.ActiveCfg = Release|Win32
		{F0D02ACB-30F2-4F49-A03D-02E5E22F2A86}.Release|x86.Build.0 = Release|Win32
		{D4FCA935-A509-4378-94A5-6B51DF87392A}.Debug|Any CPU.ActiveCfg = Debug|x64
		{D4FCA935-A509-4378-94A5-6B51DF87392A}.Debug|Any CPU.Build.0 = Debug|x64
		{D4FCA935-A509-4378-94A5-6B51DF87392A}.Debug|x64.ActiveCfg = Debug|x64
		{D4FCA935-A509-4378-94A5-6B51DF87392A}.Debug|x64.Build.0 = Debug|x64
		{D4FCA935-A509-4378-94A5-6B51DF87392A}.Debug|x86.ActiveCfg = Debug|Win32
		{D4FCA935-A509-4378-94A5-6B51DF87392A}.Debug|x86.Build.0 = Debug|Win32
		{D4FCA935-A509-4378-94A5-6B51DF87392A}.Release|Any CPU.ActiveCfg = Release|x64
		{D4FCA935-A509-4378-94A5-6B51DF87392A}.Release|Any CPU.Build.0 = Release|x64
		{D4FCA935-A509-4378-94A5-6B51DF87392A}.Release|x64.ActiveCfg = Release|x64
		{D4FCA935-A509-4378-94A5-6B51DF87392A}.Release|x64.Build.0 = Release|x64
		{D4FCA935-A509-4378-94A5-6B51DF87392A}.Release|x86.ActiveCfg = Release|Win32
		{D4FCA935-A509-4378-94A5-6B51DF87392A}.Release|x86.Build.0 = Release|Win32
		{60A16DA2-01FE-4756-B87F-66C2F4A11F9F}.Debug|Any CPU.ActiveCfg = Debug|x64
		{60A16DA2-01FE-4756-B87F-66C2F4A11F9F}.Debug|Any CPU.Build.0 = Debug|x64
		{60A16DA2-01FE-4756-B87F-66C2F4A11F9F}.Debug|x64.ActiveCfg = Debug|x64
		{60A16DA2-01FE-4756-B87F-66C2F4A11F9F}.Debug|x64.Build.0 = Debug|x64
		{60A16DA2-01FE-4756-B87F-66C2F4A11F9F}.Debug|x86.ActiveCfg = Debug|Win32
		{60A16DA2-01FE-4756-B87F-66C2F4A11F9F}.Debug|x86.Build.0 = Debug|Win32
		{60A16DA2-01FE-4756-B87F-66C2F4A11F9F}.Release|Any CPU.ActiveCfg = Release|x64
		{60A16DA2-01FE-4756-B87F-66C2F4A11F9F}.Release|Any CPU.Build.0 = Release|x64
		{60A16DA2-01FE-4756-B87F-66C2F4A11F9F}.Release|x64.ActiveCfg = Release|x64
		{60A16DA2-01FE-4756-B87F-66C2F4A11F9F}.Release|x64.Build.0 = Release|x64
		{60A16DA2-01FE-4756-B87F-66C2F4A11F9F}.Release|x86.ActiveCfg = Release|Win32
		{60A16DA2-01FE-4756-B87F-66C2F4A11F9F}.Release|x86.Build.0 = Release|Win32
		{018F1C6C-D369-480D-A908-C3201FB0EB33}.Debug|Any CPU.ActiveCfg = Debug|x64
		{018F1C6C-D369-480D-A908-C3201FB0EB33}.Debug|Any CPU.Build.0 = Debug|x64
		{018F1C6C-D369-480D-A908-C3201FB0EB33}.Debug|x64.ActiveCfg = Debug|x64
		{018F1C6C-D369-480D-A908-C3201FB0EB33}.Debug|x64.Build.0 = Debug|x64
		{018F1C6C-D369-480D-A908-C3201FB0EB33}.Debug|x86.ActiveCfg = Debug|Win32
		{018F1C6C-D369-480D-A908-C3201FB0EB33}.Debug|x86.Build.0 = Debug|Win32
		{018F1C6C-D369-480D-A908-C3201FB0EB33}.Release|Any CPU.ActiveCfg = Release|x64
		{018F1C6C-D369-480D-A908-C3201FB0EB33}.Release|Any CPU.Build.0 = Release|x64
		{018F1C6C-D369-480D-A908-C3201FB0EB33}.Release|x64.ActiveCfg = Release|x64
		{018F1C6C-D369-480D-A908-C3201FB0EB33}.Release|x64.Build.0 = Release|x64
		{018F1C6C-D369-480D-A908-C3201FB0EB33}.Release|x86.ActiveCfg = Release|Win32
		{018F1C6C-D369-480D-A908-C3201FB0EB33}.Release|x86.Build.0 = Release|Win32
		{6B3B07BC-9965-4D73-BDB2-6337C5C2105C}.Debug|Any CPU.ActiveCfg = Debug|x64
		{6B3B07BC-9965-4D73-BDB2-6337C5C2105C}.Debug|Any CPU.Build.0 = Debug|x64
		{6B3B07BC-9965-4D73-BDB2-6337C5C2105C}.Debug|x64.ActiveCfg = Debug|x64
		{6B3B07BC-9965-4D73-BDB2-6337C5C2105C}.Debug|x64.Build.0 = Debug|x64
		{6B3B07BC-9965-4D73-BDB2-6337C5C2105C}.Debug|x86.ActiveCfg = Debug|Win32
		{6B3B07BC-9965-4D73-BDB2-6337C5C2105C}.Debug|x86.Build.0 = Debug|Win32
		{6B3B07BC-9965-4D73-BDB2-6337C5C2105C}.Release|Any CPU.ActiveCfg = Release|x64
		{6B3B07BC-9965-4D73-BDB2-6337C5C2105C}.Release|Any CPU.Build.0 = Release|x64
		{6B3B07BC-9965-4D73-BDB2-6337C5C2105C}.Release|x64.ActiveCfg = Release|x64
		{6B3B07BC-9965-4D73-BDB2-6337C5C2105C}.Release|x64.Build.0 = Release|x64
		{6B3B07BC-9965-4D73-BDB2-6337C5C2105C}.Release|x86.ActiveCfg = Release|Win32
		{6B3B07BC-9965-4D73-BDB2-6337C5C2105C}.Release|x86.Build.0 = Release|Win32
		{EC7A9F37-0DCE-41C2-B754-0AD79D38561D}.Debug|Any CPU.ActiveCfg = Debug|x64
		{EC7A9F37-0DCE-41C2-B754-0AD79D38561D}.Debug|Any CPU.Build.0 = Debug|x64
		{EC7A9F37-0DCE-41C2-B754-0AD79D38561D}.Debug|x64.ActiveCfg = Debug|x64
		{EC7A9F37-0DCE-41C2-B754-0AD79D38561D}.Debug|x64.Build.0 = Debug|x64
		{EC7A9F37-0DCE-41C2-B754-0AD79D38561D}.Debug|x86.ActiveCfg = Debug|Win32
		{EC7A9F37-0DCE-41C2-B754-0AD79D38561D}.Debug|x86.Build.0 = Debug|Win32
		{EC7A9F37-0DCE-41C2-B754-0AD79D38561D}.Release|Any CPU.ActiveCfg = Release|x64
		{EC7A9F37-0DCE-41C2-B754-0AD79D38561D}.Release|Any CPU.Build.0 = Release|x64
		{EC7A9F37-0DCE-41C2-B754-0AD79D38561D}.Release|x64.ActiveCfg = Release|x64
		{EC7A9F37-0DCE-41C2-B754-0AD79D38561D}.Release|x64.Build.0 = Release|x64
		{EC7A9F37-0DCE-41C2-B754-0AD79D38561D}.Release|x86.ActiveCfg = Release|Win32
		{EC7A9F37-0DCE-41C2-B754-0AD79D38561D}.Release|x86.Build.0 = Release|Win32
		{3BB8C642-1080-4938-900D-59C94CA89097}.Debug|Any CPU.ActiveCfg = Debug|x64
		{3BB8C642-1080-4938-900D-59C94CA89097}.Debug|Any CPU.Build.0 = Debug|x64
		{3BB8C642-1080-4938-900D-59C94CA89097}.Debug|x64.ActiveCfg = Debug|x64
		{3BB8C642-1080-4938-900D-59C94CA89097}.Debug|x64.Build.0 = Debug|x64
		{3BB8C642-1080-4938-900D-59C94CA89097}.Debug|x86.ActiveCfg = Debug|Win32
		{3BB8C642-1080-4938-900D-59C94CA89097}.Debug|x86.Build.0 = Debug|Win32
		{3BB8C642-1080-4938-900D-59C94CA89097}.Release|Any CPU.ActiveCfg = Release|x64
		{3BB8C642-1080-4938-900D-59C94CA89097}.Release|Any CPU.Build.0 = Release|x64
		{3BB8C642-1080-4938-900D-59C94CA89097}.Release|x64.ActiveCfg = Release|x64
		{3BB8C642-1080-4938-900D-59C94CA89097}.Release|x64.Build.0 = Release|x64
		{3BB8C642-1080-4938-900D-59C94CA89097}.Release|x86.ActiveCfg = Release|Win32
		{3BB8C642-1080-4938-900D-59C94CA89097}.Release|x86.Build.0 = Release|Win32
		{E82FF3B0-ACFA-4B45-8A86-32E7076415F1}.Debug|Any CPU.ActiveCfg = Debug|x64
		{E82FF3B0-ACFA-4B45-8A86-32E7076415F1}.Debug|Any CPU.Build.0 = Debug|x64
		{E82FF3B0-ACFA-4B45-8A86-32E7076415F1}.Debug|x64.ActiveCfg = Debug|x64
		{E82FF3B0-ACFA-4B45-8A86-32E7076415F1}.Debug|x64.Build.0 = Debug|x64
		{E82FF3B0-ACFA-4B45-8A86-32E7076415F1}.Debug|x86.ActiveCfg = Debug|Win32
		{E82FF3B0-ACFA-4B45-8A86-32E7076415F1}.Debug|x86.Build.0 = Debug|Win32
		{E82FF3B0-ACFA-4B45-8A86-32E7076415F1}.Release|Any CPU.ActiveCfg = Release|x64
		{E82FF3B0-ACFA-4B45-8A86-32E7076415F1}.Release|Any CPU.Build.0 = Release|x64
		{E82FF3B0-ACFA-4B45-8A86-32E7076415F1}.Release|x64.ActiveCfg = Release|x64
		{E82FF3B0-ACFA-4B45-8A86-32E7076415F1}.Release|x64.Build.0 = Release|x64
		{E82FF3B0-ACFA-4B45-8A86-32E7076415F1}.Release|x86.ActiveCfg = Release|Win32
		{E82FF3B0-ACFA-4B45-8A86-32E7076415F1}.Release|x86.Build.0 = Release|Win32
		{08337ED1-F77E-4E3C-9829-D92661957B83}.Debug|Any CPU.ActiveCfg = Debug|x64
		{08337ED1-F77E-4E3C-9829-D92661957B83}.Debug|Any CPU.Build.0 = Debug|x64
		{08337ED1-F77E-4E3C-9829-D92661957B83}.Debug|x64.ActiveCfg = Debug|x64
		{08337ED1-F77E-4E3C-9829-D92661957B83}.Debug|x64.Build.0 = Debug|x64
		{08337ED1-F77E-4E3C-9829-D92661957B83}.Debug|x86.ActiveCfg = Debug|Win32
		{08337ED1-F77E-4E3C-9829-D92661957B83}.Debug|x86.Build.0 = Debug|Win32
		{08337ED1-F77E-4E3C-9829-D92661957B83}.Release|Any CPU.ActiveCfg = Release|x64
		{08337ED1-F77E-4E3C-9829-D92661957B83}.Release|Any CPU.Build.0 = Release|x64
		{08337ED1-F77E-4E3C-9829-D92661957B83}.Release|x64.ActiveCfg = Release|x64
		{08337ED1-F77E-4E3C-9829-D92661957B83}.Release|x64.Build.0 = Release|x64
		{08337ED1-F77E-4E3C-9829-D92661957B83}.Release|x86.ActiveCfg = Release|Win32
		{08337ED1-F77E-4E3C-9829-D92661957B83}.Release|x86.Build.0 = Release|Win32
	EndGlobalSection
	GlobalSection(SolutionProperties) = preSolution
		HideSolutionNode = FALSE
	EndGlobalSection
	GlobalSection(ExtensibilityGlobals) = postSolution
		SolutionGuid = {B476FBDA-9BF5-44A8-A607-BFF9D2CE4DF0}
	EndGlobalSection
EndGlobal
